
Microsoft Visual Studio Solution File, Format Version 12.00
# Visual Studio Version 17
VisualStudioVersion = 17.11.35312.102
MinimumVisualStudioVersion = 10.0.40219.1
Project("{FAE04EC0-301F-11D3-BF4B-00C04F79EFBC}") = "I&CExamples", "I&CExamples\I&CExamples.csproj", "{B2AB627E-0CA7-4430-9B7E-F13FD913E3EA}"
EndProject
Project("{FAE04EC0-301F-11D3-BF4B-00C04F79EFBC}") = "CarExample", "CarExample\CarExample.csproj", "{8CAF53DB-C6DB-4405-B89C-2748892AE2E2}"
EndProject
Global
	GlobalSection(SolutionConfigurationPlatforms) = preSolution
		Debug|Any CPU = Debug|Any CPU
		Release|Any CPU = Release|Any CPU
	EndGlobalSection
	GlobalSection(ProjectConfigurationPlatforms) = postSolution
		{B2AB627E-0CA7-4430-9B7E-F13FD913E3EA}.Debug|Any CPU.ActiveCfg = Debug|Any CPU
		{B2AB627E-0CA7-4430-9B7E-F13FD913E3EA}.Debug|Any CPU.Build.0 = Debug|Any CPU
		{B2AB627E-0CA7-4430-9B7E-F13FD913E3EA}.Release|Any CPU.ActiveCfg = Release|Any CPU
		{B2AB627E-0CA7-4430-9B7E-F13FD913E3EA}.Release|Any CPU.Build.0 = Release|Any CPU
		{8CAF53DB-C6DB-4405-B89C-2748892AE2E2}.Debug|Any CPU.ActiveCfg = Debug|Any CPU
		{8CAF53DB-C6DB-4405-B89C-2748892AE2E2}.Debug|Any CPU.Build.0 = Debug|Any CPU
		{8CAF53DB-C6DB-4405-B89C-2748892AE2E2}.Release|Any CPU.ActiveCfg = Release|Any CPU
		{8CAF53DB-C6DB-4405-B89C-2748892AE2E2}.Release|Any CPU.Build.0 = Release|Any CPU
	EndGlobalSection
	GlobalSection(SolutionProperties) = preSolution
		HideSolutionNode = FALSE
	EndGlobalSection
	GlobalSection(ExtensibilityGlobals) = postSolution
		SolutionGuid = {72D9F81D-641C-4445-8287-B892ECF8AE03}
	EndGlobalSection
EndGlobal
